
Microsoft Visual Studio Solution File, Format Version 12.00
# Visual Studio Version 17
VisualStudioVersion = 17.14.36221.1
MinimumVisualStudioVersion = 10.0.40219.1
Project("{FAE04EC0-301F-11D3-BF4B-00C04F79EFBC}") = "Recruiva.Web", "src\Recruiva.Web\Recruiva.Web.csproj", "{0509BD59-6FF0-B2F0-4E43-29B563FD6E9F}"
EndProject
Project("{FAE04EC0-301F-11D3-BF4B-00C04F79EFBC}") = "Recruiva.Web.Client", "src\Recruiva.Web.Client\Recruiva.Web.Client.csproj", "{B171FACB-FDF1-B882-A24F-AF4E934576AA}"
EndProject
Project("{FAE04EC0-301F-11D3-BF4B-00C04F79EFBC}") = "Recruiva.Core", "src\Recruiva.Core\Recruiva.Core.csproj", "{B9C860E9-ADB2-29E1-5A8C-D375A9E4FE37}"
EndProject
Global
	GlobalSection(SolutionConfigurationPlatforms) = preSolution
		Debug|Any CPU = Debug|Any CPU
		Release|Any CPU = Release|Any CPU
	EndGlobalSection
	GlobalSection(ProjectConfigurationPlatforms) = postSolution
		{0509BD59-6FF0-B2F0-4E43-29B563FD6E9F}.Debug|Any CPU.ActiveCfg = Debug|Any CPU
		{0509BD59-6FF0-B2F0-4E43-29B563FD6E9F}.Debug|Any CPU.Build.0 = Debug|Any CPU
		{0509BD59-6FF0-B2F0-4E43-29B563FD6E9F}.Release|Any CPU.ActiveCfg = Release|Any CPU
		{0509BD59-6FF0-B2F0-4E43-29B563FD6E9F}.Release|Any CPU.Build.0 = Release|Any CPU
		{B171FACB-FDF1-B882-A24F-AF4E934576AA}.Debug|Any CPU.ActiveCfg = Debug|Any CPU
		{B171FACB-FDF1-B882-A24F-AF4E934576AA}.Debug|Any CPU.Build.0 = Debug|Any CPU
		{B171FACB-FDF1-B882-A24F-AF4E934576AA}.Release|Any CPU.ActiveCfg = Release|Any CPU
		{B171FACB-FDF1-B882-A24F-AF4E934576AA}.Release|Any CPU.Build.0 = Release|Any CPU
		{B9C860E9-ADB2-29E1-5A8C-D375A9E4FE37}.Debug|Any CPU.ActiveCfg = Debug|Any CPU
		{B9C860E9-ADB2-29E1-5A8C-D375A9E4FE37}.Debug|Any CPU.Build.0 = Debug|Any CPU
		{B9C860E9-ADB2-29E1-5A8C-D375A9E4FE37}.Release|Any CPU.ActiveCfg = Release|Any CPU
		{B9C860E9-ADB2-29E1-5A8C-D375A9E4FE37}.Release|Any CPU.Build.0 = Release|Any CPU
	EndGlobalSection
	GlobalSection(SolutionProperties) = preSolution
		HideSolutionNode = FALSE
	EndGlobalSection
	GlobalSection(ExtensibilityGlobals) = postSolution
		SolutionGuid = {F14870D5-D87C-4CC2-A771-389C24EC493B}
	EndGlobalSection
EndGlobal
